// !$*UTF8*$!
{
	archiveVersion = 1;
	classes = {
	};
	objectVersion = 55;
	objects = {

/* Begin PBXBuildFile section */
		0E34304F27F68E6700286032 /* AppDelegate.swift in Sources */ = {isa = PBXBuildFile; fileRef = 0E34304E27F68E6700286032 /* AppDelegate.swift */; };
		0E34305127F68E6700286032 /* SceneDelegate.swift in Sources */ = {isa = PBXBuildFile; fileRef = 0E34305027F68E6700286032 /* SceneDelegate.swift */; };
		0E34305327F68E6700286032 /* ViewController.swift in Sources */ = {isa = PBXBuildFile; fileRef = 0E34305227F68E6700286032 /* ViewController.swift */; };
		0E34305627F68E6700286032 /* Main.storyboard in Resources */ = {isa = PBXBuildFile; fileRef = 0E34305427F68E6700286032 /* Main.storyboard */; };
		0E34305827F68E6B00286032 /* Assets.xcassets in Resources */ = {isa = PBXBuildFile; fileRef = 0E34305727F68E6B00286032 /* Assets.xcassets */; };
		0E34305B27F68E6B00286032 /* LaunchScreen.storyboard in Resources */ = {isa = PBXBuildFile; fileRef = 0E34305927F68E6B00286032 /* LaunchScreen.storyboard */; };
		0E34306627F68E6B00286032 /* DangerSwiftPeripherySampleAppTests.swift in Sources */ = {isa = PBXBuildFile; fileRef = 0E34306527F68E6B00286032 /* DangerSwiftPeripherySampleAppTests.swift */; };
		0E34307027F68E6B00286032 /* DangerSwiftPeripherySampleAppUITests.swift in Sources */ = {isa = PBXBuildFile; fileRef = 0E34306F27F68E6B00286032 /* DangerSwiftPeripherySampleAppUITests.swift */; };
		0E34307227F68E6B00286032 /* DangerSwiftPeripherySampleAppUITestsLaunchTests.swift in Sources */ = {isa = PBXBuildFile; fileRef = 0E34307127F68E6B00286032 /* DangerSwiftPeripherySampleAppUITestsLaunchTests.swift */; };
		0E34308227F694F500286032 /* danger-swift in Frameworks */ = {isa = PBXBuildFile; productRef = 0E34308127F694F500286032 /* danger-swift */; };
/* End PBXBuildFile section */

/* Begin PBXContainerItemProxy section */
		0E34306227F68E6B00286032 /* PBXContainerItemProxy */ = {
			isa = PBXContainerItemProxy;
			containerPortal = 0E34304327F68E6700286032 /* Project object */;
			proxyType = 1;
			remoteGlobalIDString = 0E34304A27F68E6700286032;
			remoteInfo = DangerSwiftPeripherySampleApp;
		};
		0E34306C27F68E6B00286032 /* PBXContainerItemProxy */ = {
			isa = PBXContainerItemProxy;
			containerPortal = 0E34304327F68E6700286032 /* Project object */;
			proxyType = 1;
			remoteGlobalIDString = 0E34304A27F68E6700286032;
			remoteInfo = DangerSwiftPeripherySampleApp;
		};
/* End PBXContainerItemProxy section */

/* Begin PBXFileReference section */
		0E34304B27F68E6700286032 /* DangerSwiftPeripherySampleApp.app */ = {isa = PBXFileReference; explicitFileType = wrapper.application; includeInIndex = 0; path = DangerSwiftPeripherySampleApp.app; sourceTree = BUILT_PRODUCTS_DIR; };
		0E34304E27F68E6700286032 /* AppDelegate.swift */ = {isa = PBXFileReference; lastKnownFileType = sourcecode.swift; path = AppDelegate.swift; sourceTree = "<group>"; };
		0E34305027F68E6700286032 /* SceneDelegate.swift */ = {isa = PBXFileReference; lastKnownFileType = sourcecode.swift; path = SceneDelegate.swift; sourceTree = "<group>"; };
		0E34305227F68E6700286032 /* ViewController.swift */ = {isa = PBXFileReference; lastKnownFileType = sourcecode.swift; path = ViewController.swift; sourceTree = "<group>"; };
		0E34305527F68E6700286032 /* Base */ = {isa = PBXFileReference; lastKnownFileType = file.storyboard; name = Base; path = Base.lproj/Main.storyboard; sourceTree = "<group>"; };
		0E34305727F68E6B00286032 /* Assets.xcassets */ = {isa = PBXFileReference; lastKnownFileType = folder.assetcatalog; path = Assets.xcassets; sourceTree = "<group>"; };
		0E34305A27F68E6B00286032 /* Base */ = {isa = PBXFileReference; lastKnownFileType = file.storyboard; name = Base; path = Base.lproj/LaunchScreen.storyboard; sourceTree = "<group>"; };
		0E34305C27F68E6B00286032 /* Info.plist */ = {isa = PBXFileReference; lastKnownFileType = text.plist.xml; path = Info.plist; sourceTree = "<group>"; };
		0E34306127F68E6B00286032 /* DangerSwiftPeripherySampleAppTests.xctest */ = {isa = PBXFileReference; explicitFileType = wrapper.cfbundle; includeInIndex = 0; path = DangerSwiftPeripherySampleAppTests.xctest; sourceTree = BUILT_PRODUCTS_DIR; };
		0E34306527F68E6B00286032 /* DangerSwiftPeripherySampleAppTests.swift */ = {isa = PBXFileReference; lastKnownFileType = sourcecode.swift; path = DangerSwiftPeripherySampleAppTests.swift; sourceTree = "<group>"; };
		0E34306B27F68E6B00286032 /* DangerSwiftPeripherySampleAppUITests.xctest */ = {isa = PBXFileReference; explicitFileType = wrapper.cfbundle; includeInIndex = 0; path = DangerSwiftPeripherySampleAppUITests.xctest; sourceTree = BUILT_PRODUCTS_DIR; };
		0E34306F27F68E6B00286032 /* DangerSwiftPeripherySampleAppUITests.swift */ = {isa = PBXFileReference; lastKnownFileType = sourcecode.swift; path = DangerSwiftPeripherySampleAppUITests.swift; sourceTree = "<group>"; };
		0E34307127F68E6B00286032 /* DangerSwiftPeripherySampleAppUITestsLaunchTests.swift */ = {isa = PBXFileReference; lastKnownFileType = sourcecode.swift; path = DangerSwiftPeripherySampleAppUITestsLaunchTests.swift; sourceTree = "<group>"; };
/* End PBXFileReference section */

/* Begin PBXFrameworksBuildPhase section */
		0E34304827F68E6700286032 /* Frameworks */ = {
			isa = PBXFrameworksBuildPhase;
			buildActionMask = 2147483647;
			files = (
				0E34308227F694F500286032 /* danger-swift in Frameworks */,
			);
			runOnlyForDeploymentPostprocessing = 0;
		};
		0E34305E27F68E6B00286032 /* Frameworks */ = {
			isa = PBXFrameworksBuildPhase;
			buildActionMask = 2147483647;
			files = (
			);
			runOnlyForDeploymentPostprocessing = 0;
		};
		0E34306827F68E6B00286032 /* Frameworks */ = {
			isa = PBXFrameworksBuildPhase;
			buildActionMask = 2147483647;
			files = (
			);
			runOnlyForDeploymentPostprocessing = 0;
		};
/* End PBXFrameworksBuildPhase section */

/* Begin PBXGroup section */
		0E34304227F68E6700286032 = {
			isa = PBXGroup;
			children = (
				0E34304D27F68E6700286032 /* DangerSwiftPeripherySampleApp */,
				0E34306427F68E6B00286032 /* DangerSwiftPeripherySampleAppTests */,
				0E34306E27F68E6B00286032 /* DangerSwiftPeripherySampleAppUITests */,
				0E34304C27F68E6700286032 /* Products */,
			);
			sourceTree = "<group>";
		};
		0E34304C27F68E6700286032 /* Products */ = {
			isa = PBXGroup;
			children = (
				0E34304B27F68E6700286032 /* DangerSwiftPeripherySampleApp.app */,
				0E34306127F68E6B00286032 /* DangerSwiftPeripherySampleAppTests.xctest */,
				0E34306B27F68E6B00286032 /* DangerSwiftPeripherySampleAppUITests.xctest */,
			);
			name = Products;
			sourceTree = "<group>";
		};
		0E34304D27F68E6700286032 /* DangerSwiftPeripherySampleApp */ = {
			isa = PBXGroup;
			children = (
				0E34304E27F68E6700286032 /* AppDelegate.swift */,
				0E34305027F68E6700286032 /* SceneDelegate.swift */,
				0E34305227F68E6700286032 /* ViewController.swift */,
				0E34305427F68E6700286032 /* Main.storyboard */,
				0E34305727F68E6B00286032 /* Assets.xcassets */,
				0E34305927F68E6B00286032 /* LaunchScreen.storyboard */,
				0E34305C27F68E6B00286032 /* Info.plist */,
			);
			path = DangerSwiftPeripherySampleApp;
			sourceTree = "<group>";
		};
		0E34306427F68E6B00286032 /* DangerSwiftPeripherySampleAppTests */ = {
			isa = PBXGroup;
			children = (
				0E34306527F68E6B00286032 /* DangerSwiftPeripherySampleAppTests.swift */,
			);
			path = DangerSwiftPeripherySampleAppTests;
			sourceTree = "<group>";
		};
		0E34306E27F68E6B00286032 /* DangerSwiftPeripherySampleAppUITests */ = {
			isa = PBXGroup;
			children = (
				0E34306F27F68E6B00286032 /* DangerSwiftPeripherySampleAppUITests.swift */,
				0E34307127F68E6B00286032 /* DangerSwiftPeripherySampleAppUITestsLaunchTests.swift */,
			);
			path = DangerSwiftPeripherySampleAppUITests;
			sourceTree = "<group>";
		};
/* End PBXGroup section */

/* Begin PBXNativeTarget section */
		0E34304A27F68E6700286032 /* DangerSwiftPeripherySampleApp */ = {
			isa = PBXNativeTarget;
			buildConfigurationList = 0E34307527F68E6B00286032 /* Build configuration list for PBXNativeTarget "DangerSwiftPeripherySampleApp" */;
			buildPhases = (
				0E34304727F68E6700286032 /* Sources */,
				0E34304827F68E6700286032 /* Frameworks */,
				0E34304927F68E6700286032 /* Resources */,
			);
			buildRules = (
			);
			dependencies = (
			);
			name = DangerSwiftPeripherySampleApp;
			packageProductDependencies = (
				0E34308127F694F500286032 /* danger-swift */,
			);
			productName = DangerSwiftPeripherySampleApp;
			productReference = 0E34304B27F68E6700286032 /* DangerSwiftPeripherySampleApp.app */;
			productType = "com.apple.product-type.application";
		};
		0E34306027F68E6B00286032 /* DangerSwiftPeripherySampleAppTests */ = {
			isa = PBXNativeTarget;
			buildConfigurationList = 0E34307827F68E6B00286032 /* Build configuration list for PBXNativeTarget "DangerSwiftPeripherySampleAppTests" */;
			buildPhases = (
				0E34305D27F68E6B00286032 /* Sources */,
				0E34305E27F68E6B00286032 /* Frameworks */,
				0E34305F27F68E6B00286032 /* Resources */,
			);
			buildRules = (
			);
			dependencies = (
				0E34306327F68E6B00286032 /* PBXTargetDependency */,
			);
			name = DangerSwiftPeripherySampleAppTests;
			productName = DangerSwiftPeripherySampleAppTests;
			productReference = 0E34306127F68E6B00286032 /* DangerSwiftPeripherySampleAppTests.xctest */;
			productType = "com.apple.product-type.bundle.unit-test";
		};
		0E34306A27F68E6B00286032 /* DangerSwiftPeripherySampleAppUITests */ = {
			isa = PBXNativeTarget;
			buildConfigurationList = 0E34307B27F68E6B00286032 /* Build configuration list for PBXNativeTarget "DangerSwiftPeripherySampleAppUITests" */;
			buildPhases = (
				0E34306727F68E6B00286032 /* Sources */,
				0E34306827F68E6B00286032 /* Frameworks */,
				0E34306927F68E6B00286032 /* Resources */,
			);
			buildRules = (
			);
			dependencies = (
				0E34306D27F68E6B00286032 /* PBXTargetDependency */,
			);
			name = DangerSwiftPeripherySampleAppUITests;
			productName = DangerSwiftPeripherySampleAppUITests;
			productReference = 0E34306B27F68E6B00286032 /* DangerSwiftPeripherySampleAppUITests.xctest */;
			productType = "com.apple.product-type.bundle.ui-testing";
		};
/* End PBXNativeTarget section */

/* Begin PBXProject section */
		0E34304327F68E6700286032 /* Project object */ = {
			isa = PBXProject;
			attributes = {
				BuildIndependentTargetsInParallel = 1;
				LastSwiftUpdateCheck = 1330;
				LastUpgradeCheck = 1330;
				TargetAttributes = {
					0E34304A27F68E6700286032 = {
						CreatedOnToolsVersion = 13.3;
					};
					0E34306027F68E6B00286032 = {
						CreatedOnToolsVersion = 13.3;
						TestTargetID = 0E34304A27F68E6700286032;
					};
					0E34306A27F68E6B00286032 = {
						CreatedOnToolsVersion = 13.3;
						TestTargetID = 0E34304A27F68E6700286032;
					};
				};
			};
			buildConfigurationList = 0E34304627F68E6700286032 /* Build configuration list for PBXProject "DangerSwiftPeripherySampleApp" */;
			compatibilityVersion = "Xcode 13.0";
			developmentRegion = en;
			hasScannedForEncodings = 0;
			knownRegions = (
				en,
				Base,
			);
			mainGroup = 0E34304227F68E6700286032;
			packageReferences = (
				0E34308027F694F500286032 /* XCRemoteSwiftPackageReference "swift" */,
				0E34308327F6FFEB00286032 /* XCRemoteSwiftPackageReference "DangerSwiftPeriphery" */,
			);
			productRefGroup = 0E34304C27F68E6700286032 /* Products */;
			projectDirPath = "";
			projectRoot = "";
			targets = (
				0E34304A27F68E6700286032 /* DangerSwiftPeripherySampleApp */,
				0E34306027F68E6B00286032 /* DangerSwiftPeripherySampleAppTests */,
				0E34306A27F68E6B00286032 /* DangerSwiftPeripherySampleAppUITests */,
			);
		};
/* End PBXProject section */

/* Begin PBXResourcesBuildPhase section */
		0E34304927F68E6700286032 /* Resources */ = {
			isa = PBXResourcesBuildPhase;
			buildActionMask = 2147483647;
			files = (
				0E34305B27F68E6B00286032 /* LaunchScreen.storyboard in Resources */,
				0E34305827F68E6B00286032 /* Assets.xcassets in Resources */,
				0E34305627F68E6700286032 /* Main.storyboard in Resources */,
			);
			runOnlyForDeploymentPostprocessing = 0;
		};
		0E34305F27F68E6B00286032 /* Resources */ = {
			isa = PBXResourcesBuildPhase;
			buildActionMask = 2147483647;
			files = (
			);
			runOnlyForDeploymentPostprocessing = 0;
		};
		0E34306927F68E6B00286032 /* Resources */ = {
			isa = PBXResourcesBuildPhase;
			buildActionMask = 2147483647;
			files = (
			);
			runOnlyForDeploymentPostprocessing = 0;
		};
/* End PBXResourcesBuildPhase section */

/* Begin PBXSourcesBuildPhase section */
		0E34304727F68E6700286032 /* Sources */ = {
			isa = PBXSourcesBuildPhase;
			buildActionMask = 2147483647;
			files = (
				0E34305327F68E6700286032 /* ViewController.swift in Sources */,
				0E34304F27F68E6700286032 /* AppDelegate.swift in Sources */,
				0E34305127F68E6700286032 /* SceneDelegate.swift in Sources */,
			);
			runOnlyForDeploymentPostprocessing = 0;
		};
		0E34305D27F68E6B00286032 /* Sources */ = {
			isa = PBXSourcesBuildPhase;
			buildActionMask = 2147483647;
			files = (
				0E34306627F68E6B00286032 /* DangerSwiftPeripherySampleAppTests.swift in Sources */,
			);
			runOnlyForDeploymentPostprocessing = 0;
		};
		0E34306727F68E6B00286032 /* Sources */ = {
			isa = PBXSourcesBuildPhase;
			buildActionMask = 2147483647;
			files = (
				0E34307227F68E6B00286032 /* DangerSwiftPeripherySampleAppUITestsLaunchTests.swift in Sources */,
				0E34307027F68E6B00286032 /* DangerSwiftPeripherySampleAppUITests.swift in Sources */,
			);
			runOnlyForDeploymentPostprocessing = 0;
		};
/* End PBXSourcesBuildPhase section */

/* Begin PBXTargetDependency section */
		0E34306327F68E6B00286032 /* PBXTargetDependency */ = {
			isa = PBXTargetDependency;
			target = 0E34304A27F68E6700286032 /* DangerSwiftPeripherySampleApp */;
			targetProxy = 0E34306227F68E6B00286032 /* PBXContainerItemProxy */;
		};
		0E34306D27F68E6B00286032 /* PBXTargetDependency */ = {
			isa = PBXTargetDependency;
			target = 0E34304A27F68E6700286032 /* DangerSwiftPeripherySampleApp */;
			targetProxy = 0E34306C27F68E6B00286032 /* PBXContainerItemProxy */;
		};
/* End PBXTargetDependency section */

/* Begin PBXVariantGroup section */
		0E34305427F68E6700286032 /* Main.storyboard */ = {
			isa = PBXVariantGroup;
			children = (
				0E34305527F68E6700286032 /* Base */,
			);
			name = Main.storyboard;
			sourceTree = "<group>";
		};
		0E34305927F68E6B00286032 /* LaunchScreen.storyboard */ = {
			isa = PBXVariantGroup;
			children = (
				0E34305A27F68E6B00286032 /* Base */,
			);
			name = LaunchScreen.storyboard;
			sourceTree = "<group>";
		};
/* End PBXVariantGroup section */

/* Begin XCBuildConfiguration section */
		0E34307327F68E6B00286032 /* Debug */ = {
			isa = XCBuildConfiguration;
			buildSettings = {
				ALWAYS_SEARCH_USER_PATHS = NO;
				CLANG_ANALYZER_NONNULL = YES;
				CLANG_ANALYZER_NUMBER_OBJECT_CONVERSION = YES_AGGRESSIVE;
				CLANG_CXX_LANGUAGE_STANDARD = "gnu++17";
				CLANG_ENABLE_MODULES = YES;
				CLANG_ENABLE_OBJC_ARC = YES;
				CLANG_ENABLE_OBJC_WEAK = YES;
				CLANG_WARN_BLOCK_CAPTURE_AUTORELEASING = YES;
				CLANG_WARN_BOOL_CONVERSION = YES;
				CLANG_WARN_COMMA = YES;
				CLANG_WARN_CONSTANT_CONVERSION = YES;
				CLANG_WARN_DEPRECATED_OBJC_IMPLEMENTATIONS = YES;
				CLANG_WARN_DIRECT_OBJC_ISA_USAGE = YES_ERROR;
				CLANG_WARN_DOCUMENTATION_COMMENTS = YES;
				CLANG_WARN_EMPTY_BODY = YES;
				CLANG_WARN_ENUM_CONVERSION = YES;
				CLANG_WARN_INFINITE_RECURSION = YES;
				CLANG_WARN_INT_CONVERSION = YES;
				CLANG_WARN_NON_LITERAL_NULL_CONVERSION = YES;
				CLANG_WARN_OBJC_IMPLICIT_RETAIN_SELF = YES;
				CLANG_WARN_OBJC_LITERAL_CONVERSION = YES;
				CLANG_WARN_OBJC_ROOT_CLASS = YES_ERROR;
				CLANG_WARN_QUOTED_INCLUDE_IN_FRAMEWORK_HEADER = YES;
				CLANG_WARN_RANGE_LOOP_ANALYSIS = YES;
				CLANG_WARN_STRICT_PROTOTYPES = YES;
				CLANG_WARN_SUSPICIOUS_MOVE = YES;
				CLANG_WARN_UNGUARDED_AVAILABILITY = YES_AGGRESSIVE;
				CLANG_WARN_UNREACHABLE_CODE = YES;
				CLANG_WARN__DUPLICATE_METHOD_MATCH = YES;
				COPY_PHASE_STRIP = NO;
				DEBUG_INFORMATION_FORMAT = dwarf;
				ENABLE_STRICT_OBJC_MSGSEND = YES;
				ENABLE_TESTABILITY = YES;
				GCC_C_LANGUAGE_STANDARD = gnu11;
				GCC_DYNAMIC_NO_PIC = NO;
				GCC_NO_COMMON_BLOCKS = YES;
				GCC_OPTIMIZATION_LEVEL = 0;
				GCC_PREPROCESSOR_DEFINITIONS = (
					"DEBUG=1",
					"$(inherited)",
				);
				GCC_WARN_64_TO_32_BIT_CONVERSION = YES;
				GCC_WARN_ABOUT_RETURN_TYPE = YES_ERROR;
				GCC_WARN_UNDECLARED_SELECTOR = YES;
				GCC_WARN_UNINITIALIZED_AUTOS = YES_AGGRESSIVE;
				GCC_WARN_UNUSED_FUNCTION = YES;
				GCC_WARN_UNUSED_VARIABLE = YES;
				IPHONEOS_DEPLOYMENT_TARGET = 15.4;
				MTL_ENABLE_DEBUG_INFO = INCLUDE_SOURCE;
				MTL_FAST_MATH = YES;
				ONLY_ACTIVE_ARCH = YES;
				SDKROOT = iphoneos;
				SWIFT_ACTIVE_COMPILATION_CONDITIONS = DEBUG;
				SWIFT_OPTIMIZATION_LEVEL = "-Onone";
			};
			name = Debug;
		};
		0E34307427F68E6B00286032 /* Release */ = {
			isa = XCBuildConfiguration;
			buildSettings = {
				ALWAYS_SEARCH_USER_PATHS = NO;
				CLANG_ANALYZER_NONNULL = YES;
				CLANG_ANALYZER_NUMBER_OBJECT_CONVERSION = YES_AGGRESSIVE;
				CLANG_CXX_LANGUAGE_STANDARD = "gnu++17";
				CLANG_ENABLE_MODULES = YES;
				CLANG_ENABLE_OBJC_ARC = YES;
				CLANG_ENABLE_OBJC_WEAK = YES;
				CLANG_WARN_BLOCK_CAPTURE_AUTORELEASING = YES;
				CLANG_WARN_BOOL_CONVERSION = YES;
				CLANG_WARN_COMMA = YES;
				CLANG_WARN_CONSTANT_CONVERSION = YES;
				CLANG_WARN_DEPRECATED_OBJC_IMPLEMENTATIONS = YES;
				CLANG_WARN_DIRECT_OBJC_ISA_USAGE = YES_ERROR;
				CLANG_WARN_DOCUMENTATION_COMMENTS = YES;
				CLANG_WARN_EMPTY_BODY = YES;
				CLANG_WARN_ENUM_CONVERSION = YES;
				CLANG_WARN_INFINITE_RECURSION = YES;
				CLANG_WARN_INT_CONVERSION = YES;
				CLANG_WARN_NON_LITERAL_NULL_CONVERSION = YES;
				CLANG_WARN_OBJC_IMPLICIT_RETAIN_SELF = YES;
				CLANG_WARN_OBJC_LITERAL_CONVERSION = YES;
				CLANG_WARN_OBJC_ROOT_CLASS = YES_ERROR;
				CLANG_WARN_QUOTED_INCLUDE_IN_FRAMEWORK_HEADER = YES;
				CLANG_WARN_RANGE_LOOP_ANALYSIS = YES;
				CLANG_WARN_STRICT_PROTOTYPES = YES;
				CLANG_WARN_SUSPICIOUS_MOVE = YES;
				CLANG_WARN_UNGUARDED_AVAILABILITY = YES_AGGRESSIVE;
				CLANG_WARN_UNREACHABLE_CODE = YES;
				CLANG_WARN__DUPLICATE_METHOD_MATCH = YES;
				COPY_PHASE_STRIP = NO;
				DEBUG_INFORMATION_FORMAT = "dwarf-with-dsym";
				ENABLE_NS_ASSERTIONS = NO;
				ENABLE_STRICT_OBJC_MSGSEND = YES;
				GCC_C_LANGUAGE_STANDARD = gnu11;
				GCC_NO_COMMON_BLOCKS = YES;
				GCC_WARN_64_TO_32_BIT_CONVERSION = YES;
				GCC_WARN_ABOUT_RETURN_TYPE = YES_ERROR;
				GCC_WARN_UNDECLARED_SELECTOR = YES;
				GCC_WARN_UNINITIALIZED_AUTOS = YES_AGGRESSIVE;
				GCC_WARN_UNUSED_FUNCTION = YES;
				GCC_WARN_UNUSED_VARIABLE = YES;
				IPHONEOS_DEPLOYMENT_TARGET = 15.4;
				MTL_ENABLE_DEBUG_INFO = NO;
				MTL_FAST_MATH = YES;
				SDKROOT = iphoneos;
				SWIFT_COMPILATION_MODE = wholemodule;
				SWIFT_OPTIMIZATION_LEVEL = "-O";
				VALIDATE_PRODUCT = YES;
			};
			name = Release;
		};
		0E34307627F68E6B00286032 /* Debug */ = {
			isa = XCBuildConfiguration;
			buildSettings = {
				ASSETCATALOG_COMPILER_APPICON_NAME = AppIcon;
				ASSETCATALOG_COMPILER_GLOBAL_ACCENT_COLOR_NAME = AccentColor;
				CODE_SIGN_STYLE = Automatic;
				CURRENT_PROJECT_VERSION = 1;
				DEVELOPMENT_TEAM = R5U4C8KFRC;
				GENERATE_INFOPLIST_FILE = YES;
				INFOPLIST_FILE = DangerSwiftPeripherySampleApp/Info.plist;
				INFOPLIST_KEY_UIApplicationSupportsIndirectInputEvents = YES;
				INFOPLIST_KEY_UILaunchStoryboardName = LaunchScreen;
				INFOPLIST_KEY_UIMainStoryboardFile = Main;
				INFOPLIST_KEY_UISupportedInterfaceOrientations_iPad = "UIInterfaceOrientationPortrait UIInterfaceOrientationPortraitUpsideDown UIInterfaceOrientationLandscapeLeft UIInterfaceOrientationLandscapeRight";
				INFOPLIST_KEY_UISupportedInterfaceOrientations_iPhone = "UIInterfaceOrientationPortrait UIInterfaceOrientationLandscapeLeft UIInterfaceOrientationLandscapeRight";
				LD_RUNPATH_SEARCH_PATHS = (
					"$(inherited)",
					"@executable_path/Frameworks",
				);
				MARKETING_VERSION = 1.0;
				PRODUCT_BUNDLE_IDENTIFIER = com.engideer.DangerSwiftPeripherySampleApp;
				PRODUCT_NAME = "$(TARGET_NAME)";
				SWIFT_EMIT_LOC_STRINGS = YES;
				SWIFT_VERSION = 5.0;
				TARGETED_DEVICE_FAMILY = "1,2";
			};
			name = Debug;
		};
		0E34307727F68E6B00286032 /* Release */ = {
			isa = XCBuildConfiguration;
			buildSettings = {
				ASSETCATALOG_COMPILER_APPICON_NAME = AppIcon;
				ASSETCATALOG_COMPILER_GLOBAL_ACCENT_COLOR_NAME = AccentColor;
				CODE_SIGN_STYLE = Automatic;
				CURRENT_PROJECT_VERSION = 1;
				DEVELOPMENT_TEAM = R5U4C8KFRC;
				GENERATE_INFOPLIST_FILE = YES;
				INFOPLIST_FILE = DangerSwiftPeripherySampleApp/Info.plist;
				INFOPLIST_KEY_UIApplicationSupportsIndirectInputEvents = YES;
				INFOPLIST_KEY_UILaunchStoryboardName = LaunchScreen;
				INFOPLIST_KEY_UIMainStoryboardFile = Main;
				INFOPLIST_KEY_UISupportedInterfaceOrientations_iPad = "UIInterfaceOrientationPortrait UIInterfaceOrientationPortraitUpsideDown UIInterfaceOrientationLandscapeLeft UIInterfaceOrientationLandscapeRight";
				INFOPLIST_KEY_UISupportedInterfaceOrientations_iPhone = "UIInterfaceOrientationPortrait UIInterfaceOrientationLandscapeLeft UIInterfaceOrientationLandscapeRight";
				LD_RUNPATH_SEARCH_PATHS = (
					"$(inherited)",
					"@executable_path/Frameworks",
				);
				MARKETING_VERSION = 1.0;
				PRODUCT_BUNDLE_IDENTIFIER = com.engideer.DangerSwiftPeripherySampleApp;
				PRODUCT_NAME = "$(TARGET_NAME)";
				SWIFT_EMIT_LOC_STRINGS = YES;
				SWIFT_VERSION = 5.0;
				TARGETED_DEVICE_FAMILY = "1,2";
			};
			name = Release;
		};
		0E34307927F68E6B00286032 /* Debug */ = {
			isa = XCBuildConfiguration;
			buildSettings = {
				ALWAYS_EMBED_SWIFT_STANDARD_LIBRARIES = YES;
				BUNDLE_LOADER = "$(TEST_HOST)";
				CODE_SIGN_STYLE = Automatic;
				CURRENT_PROJECT_VERSION = 1;
				DEVELOPMENT_TEAM = R5U4C8KFRC;
				GENERATE_INFOPLIST_FILE = YES;
				IPHONEOS_DEPLOYMENT_TARGET = 15.4;
				MARKETING_VERSION = 1.0;
				PRODUCT_BUNDLE_IDENTIFIER = com.engideer.DangerSwiftPeripherySampleAppTests;
				PRODUCT_NAME = "$(TARGET_NAME)";
				SWIFT_EMIT_LOC_STRINGS = NO;
				SWIFT_VERSION = 5.0;
				TARGETED_DEVICE_FAMILY = "1,2";
				TEST_HOST = "$(BUILT_PRODUCTS_DIR)/DangerSwiftPeripherySampleApp.app/DangerSwiftPeripherySampleApp";
			};
			name = Debug;
		};
		0E34307A27F68E6B00286032 /* Release */ = {
			isa = XCBuildConfiguration;
			buildSettings = {
				ALWAYS_EMBED_SWIFT_STANDARD_LIBRARIES = YES;
				BUNDLE_LOADER = "$(TEST_HOST)";
				CODE_SIGN_STYLE = Automatic;
				CURRENT_PROJECT_VERSION = 1;
				DEVELOPMENT_TEAM = R5U4C8KFRC;
				GENERATE_INFOPLIST_FILE = YES;
				IPHONEOS_DEPLOYMENT_TARGET = 15.4;
				MARKETING_VERSION = 1.0;
				PRODUCT_BUNDLE_IDENTIFIER = com.engideer.DangerSwiftPeripherySampleAppTests;
				PRODUCT_NAME = "$(TARGET_NAME)";
				SWIFT_EMIT_LOC_STRINGS = NO;
				SWIFT_VERSION = 5.0;
				TARGETED_DEVICE_FAMILY = "1,2";
				TEST_HOST = "$(BUILT_PRODUCTS_DIR)/DangerSwiftPeripherySampleApp.app/DangerSwiftPeripherySampleApp";
			};
			name = Release;
		};
		0E34307C27F68E6B00286032 /* Debug */ = {
			isa = XCBuildConfiguration;
			buildSettings = {
				ALWAYS_EMBED_SWIFT_STANDARD_LIBRARIES = YES;
				CODE_SIGN_STYLE = Automatic;
				CURRENT_PROJECT_VERSION = 1;
				DEVELOPMENT_TEAM = R5U4C8KFRC;
				GENERATE_INFOPLIST_FILE = YES;
				MARKETING_VERSION = 1.0;
				PRODUCT_BUNDLE_IDENTIFIER = com.engideer.DangerSwiftPeripherySampleAppUITests;
				PRODUCT_NAME = "$(TARGET_NAME)";
				SWIFT_EMIT_LOC_STRINGS = NO;
				SWIFT_VERSION = 5.0;
				TARGETED_DEVICE_FAMILY = "1,2";
				TEST_TARGET_NAME = DangerSwiftPeripherySampleApp;
			};
			name = Debug;
		};
		0E34307D27F68E6B00286032 /* Release */ = {
			isa = XCBuildConfiguration;
			buildSettings = {
				ALWAYS_EMBED_SWIFT_STANDARD_LIBRARIES = YES;
				CODE_SIGN_STYLE = Automatic;
				CURRENT_PROJECT_VERSION = 1;
				DEVELOPMENT_TEAM = R5U4C8KFRC;
				GENERATE_INFOPLIST_FILE = YES;
				MARKETING_VERSION = 1.0;
				PRODUCT_BUNDLE_IDENTIFIER = com.engideer.DangerSwiftPeripherySampleAppUITests;
				PRODUCT_NAME = "$(TARGET_NAME)";
				SWIFT_EMIT_LOC_STRINGS = NO;
				SWIFT_VERSION = 5.0;
				TARGETED_DEVICE_FAMILY = "1,2";
				TEST_TARGET_NAME = DangerSwiftPeripherySampleApp;
			};
			name = Release;
		};
/* End XCBuildConfiguration section */

/* Begin XCConfigurationList section */
		0E34304627F68E6700286032 /* Build configuration list for PBXProject "DangerSwiftPeripherySampleApp" */ = {
			isa = XCConfigurationList;
			buildConfigurations = (
				0E34307327F68E6B00286032 /* Debug */,
				0E34307427F68E6B00286032 /* Release */,
			);
			defaultConfigurationIsVisible = 0;
			defaultConfigurationName = Release;
		};
		0E34307527F68E6B00286032 /* Build configuration list for PBXNativeTarget "DangerSwiftPeripherySampleApp" */ = {
			isa = XCConfigurationList;
			buildConfigurations = (
				0E34307627F68E6B00286032 /* Debug */,
				0E34307727F68E6B00286032 /* Release */,
			);
			defaultConfigurationIsVisible = 0;
			defaultConfigurationName = Release;
		};
		0E34307827F68E6B00286032 /* Build configuration list for PBXNativeTarget "DangerSwiftPeripherySampleAppTests" */ = {
			isa = XCConfigurationList;
			buildConfigurations = (
				0E34307927F68E6B00286032 /* Debug */,
				0E34307A27F68E6B00286032 /* Release */,
			);
			defaultConfigurationIsVisible = 0;
			defaultConfigurationName = Release;
		};
		0E34307B27F68E6B00286032 /* Build configuration list for PBXNativeTarget "DangerSwiftPeripherySampleAppUITests" */ = {
			isa = XCConfigurationList;
			buildConfigurations = (
				0E34307C27F68E6B00286032 /* Debug */,
				0E34307D27F68E6B00286032 /* Release */,
			);
			defaultConfigurationIsVisible = 0;
			defaultConfigurationName = Release;
		};
/* End XCConfigurationList section */

/* Begin XCRemoteSwiftPackageReference section */
		0E34308027F694F500286032 /* XCRemoteSwiftPackageReference "swift" */ = {
			isa = XCRemoteSwiftPackageReference;
			repositoryURL = "https://github.com/danger/swift.git";
			requirement = {
				kind = upToNextMajorVersion;
				minimumVersion = 4.0.0;
			};
		};
		0E34308327F6FFEB00286032 /* XCRemoteSwiftPackageReference "DangerSwiftPeriphery" */ = {
			isa = XCRemoteSwiftPackageReference;
			repositoryURL = "https://github.com/taji-taji/DangerSwiftPeriphery";
			requirement = {
				branch = main;
				kind = branch;
			};
		};
/* End XCRemoteSwiftPackageReference section */

/* Begin XCSwiftPackageProductDependency section */
		0E34308127F694F500286032 /* danger-swift */ = {
			isa = XCSwiftPackageProductDependency;
			package = 0E34308027F694F500286032 /* XCRemoteSwiftPackageReference "swift" */;
			productName = "danger-swift";
		};
/* End XCSwiftPackageProductDependency section */
	};
	rootObject = 0E34304327F68E6700286032 /* Project object */;
}
